
Microsoft Visual Studio Solution File, Format Version 12.00
# Visual Studio 2013
Project("{FAE04EC0-301F-11D3-BF4B-00C04F79EFBC}") = "Angle Wings revo.CSharp", "Angle Wings revo.CSharp.csproj", "{9B31E7FF-DB15-CF24-8D98-4C092A9A40F2}"
EndProject
Global
	GlobalSection(SolutionConfigurationPlatforms) = preSolution
		Debug|Any CPU = Debug|Any CPU
		Release|Any CPU = Release|Any CPU
	EndGlobalSection
	GlobalSection(ProjectConfigurationPlatforms) = postSolution
		{9B31E7FF-DB15-CF24-8D98-4C092A9A40F2}.Debug|Any CPU.ActiveCfg = Debug|Any CPU
		{9B31E7FF-DB15-CF24-8D98-4C092A9A40F2}.Debug|Any CPU.Build.0 = Debug|Any CPU
		{9B31E7FF-DB15-CF24-8D98-4C092A9A40F2}.Release|Any CPU.ActiveCfg = Release|Any CPU
		{9B31E7FF-DB15-CF24-8D98-4C092A9A40F2}.Release|Any CPU.Build.0 = Release|Any CPU
	EndGlobalSection
	GlobalSection(SolutionProperties) = preSolution
		HideSolutionNode = FALSE
	EndGlobalSection
EndGlobal
